
Microsoft Visual Studio Solution File, Format Version 9.00
# Visual Studio 2005
Project("{8BC9CEB8-8B4A-11D0-8D11-00A0C91BC942}") = "推箱子", "推箱子\推箱子.vcproj", "{843F28BA-E586-4AD1-84B0-FD1583FE3DC3}"
EndProject
Global
	GlobalSection(SolutionConfigurationPlatforms) = preSolution
		Debug|Win32 = Debug|Win32
		Release|Win32 = Release|Win32
	EndGlobalSection
	GlobalSection(ProjectConfigurationPlatforms) = postSolution
		{843F28BA-E586-4AD1-84B0-FD1583FE3DC3}.Debug|Win32.ActiveCfg = Debug|Win32
		{843F28BA-E586-4AD1-84B0-FD1583FE3DC3}.Debug|Win32.Build.0 = Debug|Win32
		{843F28BA-E586-4AD1-84B0-FD1583FE3DC3}.Release|Win32.ActiveCfg = Release|Win32
		{843F28BA-E586-4AD1-84B0-FD1583FE3DC3}.Release|Win32.Build.0 = Release|Win32
	EndGlobalSection
	GlobalSection(SolutionProperties) = preSolution
		HideSolutionNode = FALSE
	EndGlobalSection
EndGlobal
